# Skills Source Lock

verified_at: 2026-07-13

## Sources

- upstream_repository: https://github.com/mattpocock/skills
  status: included
  license: MIT
  license_notice: Copyright (c) 2026 Matt Pocock
  # Installed for both CLIs by the served install.sh via the `skills` CLI,
  # pinned to a reviewed ref (never floating). The commit is the immutable pin.
  installed_via: "npx skills@1.5.16 add mattpocock/skills#v1.1.0 --skill=grill-me"
  pinned_tag: v1.1.0
  pinned_commit: d574778f94cf620fcc8ce741584093bc650a61d3
  skills_cli_version: 1.5.16
  installed_skills: [grill-me]
- upstream_repository: https://github.com/obra/superpowers
  status: included
  license: MIT
  license_notice: Copyright (c) 2025 Jesse Vincent

## Skipped Sources

None. Both configured skill remotes were reachable and license-verifiable.

## Adaptation Notes

- Treat imported skill content as path-limited source material; do not vendor
  whole upstream repositories into this repo.
- Preserve upstream license notices when refreshing adapted skill material.

## Upgrade Procedure

1. Verify each upstream repository remains reachable and MIT licensed.
2. Refresh only the skill material intentionally adapted into this repo.
3. Record any unreachable or unlicensed source under "Skipped Sources".
4. Re-run hygiene checks before updating this lock.
